{
  "name": "lamath",
  "version": "3.0.3",
  "lockfileVersion": 1,
  "requires": true,
  "dependencies": {
    "@types/node": {
      "version": "16.4.13",
      "resolved": "https://registry.npmjs.org/@types/node/-/node-16.4.13.tgz",
      "integrity": "sha512-bLL69sKtd25w7p1nvg9pigE4gtKVpGTPojBFLMkGHXuUgap2sLqQt2qUnqmVCDfzGUL0DRNZP+1prIZJbMeAXg==",
      "dev": true
    },
    "dagre": {
      "version": "0.8.5",
      "resolved": "https://registry.npmjs.org/dagre/-/dagre-0.8.5.tgz",
      "integrity": "sha512-/aTqmnRta7x7MCCpExk7HQL2O4owCT2h8NT//9I1OQ9vt29Pa0BzSAkR5lwFUcQ7491yVi/3CXU9jQ5o0Mn2Sw==",
      "dev": true,
      "requires": {
        "graphlib": "^2.1.8",
        "lodash": "^4.17.15"
      }
    },
    "fast-check": {
      "version": "2.17.0",
      "resolved": "https://registry.npmjs.org/fast-check/-/fast-check-2.17.0.tgz",
      "integrity": "sha512-fNNKkxNEJP+27QMcEzF6nbpOYoSZIS0p+TyB+xh/jXqRBxRhLkiZSREly4ruyV8uJi7nwH1YWAhi7OOK5TubRw==",
      "dev": true,
      "requires": {
        "pure-rand": "^5.0.0"
      }
    },
    "graphlib": {
      "version": "2.1.8",
      "resolved": "https://registry.npmjs.org/graphlib/-/graphlib-2.1.8.tgz",
      "integrity": "sha512-jcLLfkpoVGmH7/InMC/1hIvOPSUh38oJtGhvrOFGzioE1DZ+0YW16RgmOJhHiuWTvGiJQ9Z1Ik43JvkRPRvE+A==",
      "dev": true,
      "requires": {
        "lodash": "^4.17.15"
      }
    },
    "lits-extras": {
      "version": "1.0.6",
      "resolved": "https://registry.npmjs.org/lits-extras/-/lits-extras-1.0.6.tgz",
      "integrity": "sha512-rpf0tygSZAVVmf8ii1LljUitIAgcIlHAmWXwZv/FPHAG07mPl7TV+SycVPesifu0E5n7DEzdJ2HVuPlPPGr40A==",
      "dev": true,
      "requires": {
        "taitto": "^1.0.5",
        "zora": "^4.1.0"
      }
    },
    "lodash": {
      "version": "4.17.21",
      "resolved": "https://registry.npmjs.org/lodash/-/lodash-4.17.21.tgz",
      "integrity": "sha512-v2kDEe57lecTulaDIuNTPy3Ry4gLGJ6Z1O3vE1krgXZNrsQ+LFTGHVxVjcXPs17LhbZVGedAJv8XZ1tvj5FvSg==",
      "dev": true
    },
    "pure-rand": {
      "version": "5.0.0",
      "resolved": "https://registry.npmjs.org/pure-rand/-/pure-rand-5.0.0.tgz",
      "integrity": "sha512-lD2/y78q+7HqBx2SaT6OT4UcwtvXNRfEpzYEzl0EQ+9gZq2Qi3fa0HDnYPeqQwhlHJFBUhT7AO3mLU3+8bynHA==",
      "dev": true
    },
    "taitto": {
      "version": "1.0.5",
      "resolved": "https://registry.npmjs.org/taitto/-/taitto-1.0.5.tgz",
      "integrity": "sha512-nz85hyurkpmREX/gynbgkufrmic6O5aPFcGaEq2QQImr4Zxri99KFxgJgxsan7jASQB6fjjEob1NkxX7m5nW2A==",
      "dev": true,
      "requires": {
        "dagre": "^0.8.5"
      }
    },
    "zora": {
      "version": "4.1.0",
      "resolved": "https://registry.npmjs.org/zora/-/zora-4.1.0.tgz",
      "integrity": "sha512-tFowFksaFIwp0hzZ9dhM1rlaicS6VNjNMxEH3phgR5Glz3EMAoRujjJ50aTLAsl//SArTdG/kBt5EuvhqS6mww==",
      "dev": true
    }
  }
}
